// !$*UTF8*$!
{
	archiveVersion = 1;
	classes = {
	};
	objectVersion = 56;
	objects = {

/* Begin PBXBuildFile section */
		0B78BEF82BB46EA1001D6CAA /* DefaultBotHandlers.swift in Sources */ = {isa = PBXBuildFile; fileRef = 0B78BEF02BB46EA1001D6CAA /* DefaultBotHandlers.swift */; };
		0B78BEF92BB46EA1001D6CAA /* configure.swift in Sources */ = {isa = PBXBuildFile; fileRef = 0B78BEF12BB46EA1001D6CAA /* configure.swift */; };
		0B78BEFA2BB46EA1001D6CAA /* TGBotConnectionActor.swift in Sources */ = {isa = PBXBuildFile; fileRef = 0B78BEF32BB46EA1001D6CAA /* TGBotConnectionActor.swift */; };
		0B78BEFB2BB46EA1001D6CAA /* main.swift in Sources */ = {isa = PBXBuildFile; fileRef = 0B78BEF42BB46EA1001D6CAA /* main.swift */; };
		0B78BEFC2BB46EA1001D6CAA /* TelegramController.swift in Sources */ = {isa = PBXBuildFile; fileRef = 0B78BEF62BB46EA1001D6CAA /* TelegramController.swift */; };
		0B78BEFD2BB46EA1001D6CAA /* routes.swift in Sources */ = {isa = PBXBuildFile; fileRef = 0B78BEF72BB46EA1001D6CAA /* routes.swift */; };
		0B78BF042BB471FE001D6CAA /* Vapor in Frameworks */ = {isa = PBXBuildFile; productRef = 0B78BF032BB471FE001D6CAA /* Vapor */; };
		0B78BF092BB47271001D6CAA /* TelegramVaporBot in Frameworks */ = {isa = PBXBuildFile; productRef = 0B78BF082BB47271001D6CAA /* TelegramVaporBot */; };
/* End PBXBuildFile section */

/* Begin PBXCopyFilesBuildPhase section */
		0B78BEE22BB46E67001D6CAA /* CopyFiles */ = {
			isa = PBXCopyFilesBuildPhase;
			buildActionMask = 2147483647;
			dstPath = /usr/share/man/man1/;
			dstSubfolderSpec = 0;
			files = (
			);
			runOnlyForDeploymentPostprocessing = 1;
		};
/* End PBXCopyFilesBuildPhase section */

/* Begin PBXFileReference section */
		0B78BEE42BB46E67001D6CAA /* tgbotflex */ = {isa = PBXFileReference; explicitFileType = "compiled.mach-o.executable"; includeInIndex = 0; path = tgbotflex; sourceTree = BUILT_PRODUCTS_DIR; };
		0B78BEF02BB46EA1001D6CAA /* DefaultBotHandlers.swift */ = {isa = PBXFileReference; fileEncoding = 4; lastKnownFileType = sourcecode.swift; path = DefaultBotHandlers.swift; sourceTree = "<group>"; };
		0B78BEF12BB46EA1001D6CAA /* configure.swift */ = {isa = PBXFileReference; fileEncoding = 4; lastKnownFileType = sourcecode.swift; path = configure.swift; sourceTree = "<group>"; };
		0B78BEF32BB46EA1001D6CAA /* TGBotConnectionActor.swift */ = {isa = PBXFileReference; fileEncoding = 4; lastKnownFileType = sourcecode.swift; path = TGBotConnectionActor.swift; sourceTree = "<group>"; };
		0B78BEF42BB46EA1001D6CAA /* main.swift */ = {isa = PBXFileReference; fileEncoding = 4; lastKnownFileType = sourcecode.swift; path = main.swift; sourceTree = "<group>"; };
		0B78BEF62BB46EA1001D6CAA /* TelegramController.swift */ = {isa = PBXFileReference; fileEncoding = 4; lastKnownFileType = sourcecode.swift; path = TelegramController.swift; sourceTree = "<group>"; };
		0B78BEF72BB46EA1001D6CAA /* routes.swift */ = {isa = PBXFileReference; fileEncoding = 4; lastKnownFileType = sourcecode.swift; path = routes.swift; sourceTree = "<group>"; };
/* End PBXFileReference section */

/* Begin PBXFrameworksBuildPhase section */
		0B78BEE12BB46E67001D6CAA /* Frameworks */ = {
			isa = PBXFrameworksBuildPhase;
			buildActionMask = 2147483647;
			files = (
				0B78BF092BB47271001D6CAA /* TelegramVaporBot in Frameworks */,
				0B78BF042BB471FE001D6CAA /* Vapor in Frameworks */,
			);
			runOnlyForDeploymentPostprocessing = 0;
		};
/* End PBXFrameworksBuildPhase section */

/* Begin PBXGroup section */
		0B78BEDB2BB46E67001D6CAA = {
			isa = PBXGroup;
			children = (
				0B78BEE62BB46E67001D6CAA /* tgbotflex */,
				0B78BEE52BB46E67001D6CAA /* Products */,
			);
			sourceTree = "<group>";
		};
		0B78BEE52BB46E67001D6CAA /* Products */ = {
			isa = PBXGroup;
			children = (
				0B78BEE42BB46E67001D6CAA /* tgbotflex */,
			);
			name = Products;
			sourceTree = "<group>";
		};
		0B78BEE62BB46E67001D6CAA /* tgbotflex */ = {
			isa = PBXGroup;
			children = (
				0B78BEEE2BB46EA1001D6CAA /* tgbotflex */,
			);
			path = tgbotflex;
			sourceTree = "<group>";
		};
		0B78BEEE2BB46EA1001D6CAA /* tgbotflex */ = {
			isa = PBXGroup;
			children = (
				0B78BEEF2BB46EA1001D6CAA /* TGHandlers */,
				0B78BEF12BB46EA1001D6CAA /* configure.swift */,
				0B78BEF22BB46EA1001D6CAA /* Actors */,
				0B78BEF42BB46EA1001D6CAA /* main.swift */,
				0B78BEF52BB46EA1001D6CAA /* Controllers */,
				0B78BEF72BB46EA1001D6CAA /* routes.swift */,
			);
			name = tgbotflex;
			sourceTree = "<group>";
		};
		0B78BEEF2BB46EA1001D6CAA /* TGHandlers */ = {
			isa = PBXGroup;
			children = (
				0B78BEF02BB46EA1001D6CAA /* DefaultBotHandlers.swift */,
			);
			path = TGHandlers;
			sourceTree = "<group>";
		};
		0B78BEF22BB46EA1001D6CAA /* Actors */ = {
			isa = PBXGroup;
			children = (
				0B78BEF32BB46EA1001D6CAA /* TGBotConnectionActor.swift */,
			);
			path = Actors;
			sourceTree = "<group>";
		};
		0B78BEF52BB46EA1001D6CAA /* Controllers */ = {
			isa = PBXGroup;
			children = (
				0B78BEF62BB46EA1001D6CAA /* TelegramController.swift */,
			);
			path = Controllers;
			sourceTree = "<group>";
		};
/* End PBXGroup section */

/* Begin PBXNativeTarget section */
		0B78BEE32BB46E67001D6CAA /* tgbotflex */ = {
			isa = PBXNativeTarget;
			buildConfigurationList = 0B78BEEB2BB46E67001D6CAA /* Build configuration list for PBXNativeTarget "tgbotflex" */;
			buildPhases = (
				0B78BEE02BB46E67001D6CAA /* Sources */,
				0B78BEE12BB46E67001D6CAA /* Frameworks */,
				0B78BEE22BB46E67001D6CAA /* CopyFiles */,
			);
			buildRules = (
			);
			dependencies = (
			);
			name = tgbotflex;
			packageProductDependencies = (
				0B78BF032BB471FE001D6CAA /* Vapor */,
				0B78BF082BB47271001D6CAA /* TelegramVaporBot */,
			);
			productName = tgbotflex;
			productReference = 0B78BEE42BB46E67001D6CAA /* tgbotflex */;
			productType = "com.apple.product-type.tool";
		};
/* End PBXNativeTarget section */

/* Begin PBXProject section */
		0B78BEDC2BB46E67001D6CAA /* Project object */ = {
			isa = PBXProject;
			attributes = {
				BuildIndependentTargetsInParallel = 1;
				LastSwiftUpdateCheck = 1500;
				LastUpgradeCheck = 1500;
				TargetAttributes = {
					0B78BEE32BB46E67001D6CAA = {
						CreatedOnToolsVersion = 15.0;
					};
				};
			};
			buildConfigurationList = 0B78BEDF2BB46E67001D6CAA /* Build configuration list for PBXProject "tgbotflex" */;
			compatibilityVersion = "Xcode 14.0";
			developmentRegion = en;
			hasScannedForEncodings = 0;
			knownRegions = (
				en,
				Base,
			);
			mainGroup = 0B78BEDB2BB46E67001D6CAA;
			packageReferences = (
				0B78BF022BB471FE001D6CAA /* XCRemoteSwiftPackageReference "vapor" */,
				0B78BF072BB47271001D6CAA /* XCRemoteSwiftPackageReference "telegram-vapor-bot" */,
			);
			productRefGroup = 0B78BEE52BB46E67001D6CAA /* Products */;
			projectDirPath = "";
			projectRoot = "";
			targets = (
				0B78BEE32BB46E67001D6CAA /* tgbotflex */,
			);
		};
/* End PBXProject section */

/* Begin PBXSourcesBuildPhase section */
		0B78BEE02BB46E67001D6CAA /* Sources */ = {
			isa = PBXSourcesBuildPhase;
			buildActionMask = 2147483647;
			files = (
				0B78BEFC2BB46EA1001D6CAA /* TelegramController.swift in Sources */,
				0B78BEF82BB46EA1001D6CAA /* DefaultBotHandlers.swift in Sources */,
				0B78BEFD2BB46EA1001D6CAA /* routes.swift in Sources */,
				0B78BEFB2BB46EA1001D6CAA /* main.swift in Sources */,
				0B78BEFA2BB46EA1001D6CAA /* TGBotConnectionActor.swift in Sources */,
				0B78BEF92BB46EA1001D6CAA /* configure.swift in Sources */,
			);
			runOnlyForDeploymentPostprocessing = 0;
		};
/* End PBXSourcesBuildPhase section */

/* Begin XCBuildConfiguration section */
		0B78BEE92BB46E67001D6CAA /* Debug */ = {
			isa = XCBuildConfiguration;
			buildSettings = {
				ALWAYS_SEARCH_USER_PATHS = NO;
				ASSETCATALOG_COMPILER_GENERATE_SWIFT_ASSET_SYMBOL_EXTENSIONS = YES;
				CLANG_ANALYZER_NONNULL = YES;
				CLANG_ANALYZER_NUMBER_OBJECT_CONVERSION = YES_AGGRESSIVE;
				CLANG_CXX_LANGUAGE_STANDARD = "gnu++20";
				CLANG_ENABLE_MODULES = YES;
				CLANG_ENABLE_OBJC_ARC = YES;
				CLANG_ENABLE_OBJC_WEAK = YES;
				CLANG_WARN_BLOCK_CAPTURE_AUTORELEASING = YES;
				CLANG_WARN_BOOL_CONVERSION = YES;
				CLANG_WARN_COMMA = YES;
				CLANG_WARN_CONSTANT_CONVERSION = YES;
				CLANG_WARN_DEPRECATED_OBJC_IMPLEMENTATIONS = YES;
				CLANG_WARN_DIRECT_OBJC_ISA_USAGE = YES_ERROR;
				CLANG_WARN_DOCUMENTATION_COMMENTS = YES;
				CLANG_WARN_EMPTY_BODY = YES;
				CLANG_WARN_ENUM_CONVERSION = YES;
				CLANG_WARN_INFINITE_RECURSION = YES;
				CLANG_WARN_INT_CONVERSION = YES;
				CLANG_WARN_NON_LITERAL_NULL_CONVERSION = YES;
				CLANG_WARN_OBJC_IMPLICIT_RETAIN_SELF = YES;
				CLANG_WARN_OBJC_LITERAL_CONVERSION = YES;
				CLANG_WARN_OBJC_ROOT_CLASS = YES_ERROR;
				CLANG_WARN_QUOTED_INCLUDE_IN_FRAMEWORK_HEADER = YES;
				CLANG_WARN_RANGE_LOOP_ANALYSIS = YES;
				CLANG_WARN_STRICT_PROTOTYPES = YES;
				CLANG_WARN_SUSPICIOUS_MOVE = YES;
				CLANG_WARN_UNGUARDED_AVAILABILITY = YES_AGGRESSIVE;
				CLANG_WARN_UNREACHABLE_CODE = YES;
				CLANG_WARN__DUPLICATE_METHOD_MATCH = YES;
				COPY_PHASE_STRIP = NO;
				DEBUG_INFORMATION_FORMAT = dwarf;
				ENABLE_STRICT_OBJC_MSGSEND = YES;
				ENABLE_TESTABILITY = YES;
				ENABLE_USER_SCRIPT_SANDBOXING = YES;
				GCC_C_LANGUAGE_STANDARD = gnu17;
				GCC_DYNAMIC_NO_PIC = NO;
				GCC_NO_COMMON_BLOCKS = YES;
				GCC_OPTIMIZATION_LEVEL = 0;
				GCC_PREPROCESSOR_DEFINITIONS = (
					"DEBUG=1",
					"$(inherited)",
				);
				GCC_WARN_64_TO_32_BIT_CONVERSION = YES;
				GCC_WARN_ABOUT_RETURN_TYPE = YES_ERROR;
				GCC_WARN_UNDECLARED_SELECTOR = YES;
				GCC_WARN_UNINITIALIZED_AUTOS = YES_AGGRESSIVE;
				GCC_WARN_UNUSED_FUNCTION = YES;
				GCC_WARN_UNUSED_VARIABLE = YES;
				LOCALIZATION_PREFERS_STRING_CATALOGS = YES;
				MACOSX_DEPLOYMENT_TARGET = 14.0;
				MTL_ENABLE_DEBUG_INFO = INCLUDE_SOURCE;
				MTL_FAST_MATH = YES;
				ONLY_ACTIVE_ARCH = YES;
				SDKROOT = macosx;
				SWIFT_ACTIVE_COMPILATION_CONDITIONS = "DEBUG $(inherited)";
				SWIFT_OPTIMIZATION_LEVEL = "-Onone";
			};
			name = Debug;
		};
		0B78BEEA2BB46E67001D6CAA /* Release */ = {
			isa = XCBuildConfiguration;
			buildSettings = {
				ALWAYS_SEARCH_USER_PATHS = NO;
				ASSETCATALOG_COMPILER_GENERATE_SWIFT_ASSET_SYMBOL_EXTENSIONS = YES;
				CLANG_ANALYZER_NONNULL = YES;
				CLANG_ANALYZER_NUMBER_OBJECT_CONVERSION = YES_AGGRESSIVE;
				CLANG_CXX_LANGUAGE_STANDARD = "gnu++20";
				CLANG_ENABLE_MODULES = YES;
				CLANG_ENABLE_OBJC_ARC = YES;
				CLANG_ENABLE_OBJC_WEAK = YES;
				CLANG_WARN_BLOCK_CAPTURE_AUTORELEASING = YES;
				CLANG_WARN_BOOL_CONVERSION = YES;
				CLANG_WARN_COMMA = YES;
				CLANG_WARN_CONSTANT_CONVERSION = YES;
				CLANG_WARN_DEPRECATED_OBJC_IMPLEMENTATIONS = YES;
				CLANG_WARN_DIRECT_OBJC_ISA_USAGE = YES_ERROR;
				CLANG_WARN_DOCUMENTATION_COMMENTS = YES;
				CLANG_WARN_EMPTY_BODY = YES;
				CLANG_WARN_ENUM_CONVERSION = YES;
				CLANG_WARN_INFINITE_RECURSION = YES;
				CLANG_WARN_INT_CONVERSION = YES;
				CLANG_WARN_NON_LITERAL_NULL_CONVERSION = YES;
				CLANG_WARN_OBJC_IMPLICIT_RETAIN_SELF = YES;
				CLANG_WARN_OBJC_LITERAL_CONVERSION = YES;
				CLANG_WARN_OBJC_ROOT_CLASS = YES_ERROR;
				CLANG_WARN_QUOTED_INCLUDE_IN_FRAMEWORK_HEADER = YES;
				CLANG_WARN_RANGE_LOOP_ANALYSIS = YES;
				CLANG_WARN_STRICT_PROTOTYPES = YES;
				CLANG_WARN_SUSPICIOUS_MOVE = YES;
				CLANG_WARN_UNGUARDED_AVAILABILITY = YES_AGGRESSIVE;
				CLANG_WARN_UNREACHABLE_CODE = YES;
				CLANG_WARN__DUPLICATE_METHOD_MATCH = YES;
				COPY_PHASE_STRIP = NO;
				DEBUG_INFORMATION_FORMAT = "dwarf-with-dsym";
				ENABLE_NS_ASSERTIONS = NO;
				ENABLE_STRICT_OBJC_MSGSEND = YES;
				ENABLE_USER_SCRIPT_SANDBOXING = YES;
				GCC_C_LANGUAGE_STANDARD = gnu17;
				GCC_NO_COMMON_BLOCKS = YES;
				GCC_WARN_64_TO_32_BIT_CONVERSION = YES;
				GCC_WARN_ABOUT_RETURN_TYPE = YES_ERROR;
				GCC_WARN_UNDECLARED_SELECTOR = YES;
				GCC_WARN_UNINITIALIZED_AUTOS = YES_AGGRESSIVE;
				GCC_WARN_UNUSED_FUNCTION = YES;
				GCC_WARN_UNUSED_VARIABLE = YES;
				LOCALIZATION_PREFERS_STRING_CATALOGS = YES;
				MACOSX_DEPLOYMENT_TARGET = 14.0;
				MTL_ENABLE_DEBUG_INFO = NO;
				MTL_FAST_MATH = YES;
				SDKROOT = macosx;
				SWIFT_COMPILATION_MODE = wholemodule;
			};
			name = Release;
		};
		0B78BEEC2BB46E67001D6CAA /* Debug */ = {
			isa = XCBuildConfiguration;
			buildSettings = {
				"CODE_SIGN_IDENTITY[sdk=macosx*]" = "Apple Development";
				CODE_SIGN_STYLE = Automatic;
				DEVELOPMENT_TEAM = BBH4FVZG92;
				ENABLE_HARDENED_RUNTIME = YES;
				PRODUCT_NAME = "$(TARGET_NAME)";
				SWIFT_VERSION = 5.0;
			};
			name = Debug;
		};
		0B78BEED2BB46E67001D6CAA /* Release */ = {
			isa = XCBuildConfiguration;
			buildSettings = {
				"CODE_SIGN_IDENTITY[sdk=macosx*]" = "Apple Development";
				CODE_SIGN_STYLE = Automatic;
				DEVELOPMENT_TEAM = BBH4FVZG92;
				ENABLE_HARDENED_RUNTIME = YES;
				PRODUCT_NAME = "$(TARGET_NAME)";
				SWIFT_VERSION = 5.0;
			};
			name = Release;
		};
/* End XCBuildConfiguration section */

/* Begin XCConfigurationList section */
		0B78BEDF2BB46E67001D6CAA /* Build configuration list for PBXProject "tgbotflex" */ = {
			isa = XCConfigurationList;
			buildConfigurations = (
				0B78BEE92BB46E67001D6CAA /* Debug */,
				0B78BEEA2BB46E67001D6CAA /* Release */,
			);
			defaultConfigurationIsVisible = 0;
			defaultConfigurationName = Release;
		};
		0B78BEEB2BB46E67001D6CAA /* Build configuration list for PBXNativeTarget "tgbotflex" */ = {
			isa = XCConfigurationList;
			buildConfigurations = (
				0B78BEEC2BB46E67001D6CAA /* Debug */,
				0B78BEED2BB46E67001D6CAA /* Release */,
			);
			defaultConfigurationIsVisible = 0;
			defaultConfigurationName = Release;
		};
/* End XCConfigurationList section */

/* Begin XCRemoteSwiftPackageReference section */
		0B78BF022BB471FE001D6CAA /* XCRemoteSwiftPackageReference "vapor" */ = {
			isa = XCRemoteSwiftPackageReference;
			repositoryURL = "https://github.com/vapor/vapor.git";
			requirement = {
				kind = upToNextMajorVersion;
				minimumVersion = 4.92.5;
			};
		};
		0B78BF072BB47271001D6CAA /* XCRemoteSwiftPackageReference "telegram-vapor-bot" */ = {
			isa = XCRemoteSwiftPackageReference;
			repositoryURL = "https://github.com/nerzh/telegram-vapor-bot";
			requirement = {
				kind = upToNextMajorVersion;
				minimumVersion = 2.5.7;
			};
		};
/* End XCRemoteSwiftPackageReference section */

/* Begin XCSwiftPackageProductDependency section */
		0B78BF032BB471FE001D6CAA /* Vapor */ = {
			isa = XCSwiftPackageProductDependency;
			package = 0B78BF022BB471FE001D6CAA /* XCRemoteSwiftPackageReference "vapor" */;
			productName = Vapor;
		};
		0B78BF082BB47271001D6CAA /* TelegramVaporBot */ = {
			isa = XCSwiftPackageProductDependency;
			package = 0B78BF072BB47271001D6CAA /* XCRemoteSwiftPackageReference "telegram-vapor-bot" */;
			productName = TelegramVaporBot;
		};
/* End XCSwiftPackageProductDependency section */
	};
	rootObject = 0B78BEDC2BB46E67001D6CAA /* Project object */;
}
